
Microsoft Visual Studio Solution File, Format Version 12.00
# Visual Studio Version 17
VisualStudioVersion = 17.7.34202.233
MinimumVisualStudioVersion = 10.0.40219.1
Project("{FAE04EC0-301F-11D3-BF4B-00C04F79EFBC}") = "MagicVilla_VillaApi", "MagicVilla_VillaApi\MagicVilla_VillaApi.csproj", "{44AFD4B1-876B-43E7-BF8B-6FDFF7ADCBCB}"
EndProject
Global
	GlobalSection(SolutionConfigurationPlatforms) = preSolution
		Debug|Any CPU = Debug|Any CPU
		Release|Any CPU = Release|Any CPU
	EndGlobalSection
	GlobalSection(ProjectConfigurationPlatforms) = postSolution
		{44AFD4B1-876B-43E7-BF8B-6FDFF7ADCBCB}.Debug|Any CPU.ActiveCfg = Debug|Any CPU
		{44AFD4B1-876B-43E7-BF8B-6FDFF7ADCBCB}.Debug|Any CPU.Build.0 = Debug|Any CPU
		{44AFD4B1-876B-43E7-BF8B-6FDFF7ADCBCB}.Release|Any CPU.ActiveCfg = Release|Any CPU
		{44AFD4B1-876B-43E7-BF8B-6FDFF7ADCBCB}.Release|Any CPU.Build.0 = Release|Any CPU
	EndGlobalSection
	GlobalSection(SolutionProperties) = preSolution
		HideSolutionNode = FALSE
	EndGlobalSection
	GlobalSection(ExtensibilityGlobals) = postSolution
		SolutionGuid = {BC76B6EA-2EA9-4796-B829-761806683BDD}
	EndGlobalSection
EndGlobal
